// !$*UTF8*$!
{
	archiveVersion = 1;
	classes = {
	};
	objectVersion = 56;
	objects = {

/* Begin PBXBuildFile section */
		9D13CA6B29E5B0C7007D771B /* Network.swift in Sources */ = {isa = PBXBuildFile; fileRef = 9D13CA6A29E5B0C7007D771B /* Network.swift */; };
		9D13CA6D29E5B111007D771B /* APIEndpoint.swift in Sources */ = {isa = PBXBuildFile; fileRef = 9D13CA6C29E5B111007D771B /* APIEndpoint.swift */; };
		9D13CA6F29E5B1A4007D771B /* URLRequestConvertible.swift in Sources */ = {isa = PBXBuildFile; fileRef = 9D13CA6E29E5B1A4007D771B /* URLRequestConvertible.swift */; };
		9D13CA7129E5B1E2007D771B /* NetworkDispatcher.swift in Sources */ = {isa = PBXBuildFile; fileRef = 9D13CA7029E5B1E2007D771B /* NetworkDispatcher.swift */; };
		9D13CA7329E5B219007D771B /* APIEndpoint+URLRequestConvertible.swift in Sources */ = {isa = PBXBuildFile; fileRef = 9D13CA7229E5B219007D771B /* APIEndpoint+URLRequestConvertible.swift */; };
		9D13CA7529E5B235007D771B /* URLSessionNetworkDispatcher.swift in Sources */ = {isa = PBXBuildFile; fileRef = 9D13CA7429E5B235007D771B /* URLSessionNetworkDispatcher.swift */; };
		9D13CA7729E5B253007D771B /* NetworkClient.swift in Sources */ = {isa = PBXBuildFile; fileRef = 9D13CA7629E5B253007D771B /* NetworkClient.swift */; };
		9D13CA7A29E5D5A8007D771B /* NetworkError.swift in Sources */ = {isa = PBXBuildFile; fileRef = 9D13CA7929E5D5A8007D771B /* NetworkError.swift */; };
		9D3208B529E5A7F100BF8C35 /* AppDelegate.swift in Sources */ = {isa = PBXBuildFile; fileRef = 9D3208B429E5A7F100BF8C35 /* AppDelegate.swift */; };
		9D3208B729E5A7F100BF8C35 /* SceneDelegate.swift in Sources */ = {isa = PBXBuildFile; fileRef = 9D3208B629E5A7F100BF8C35 /* SceneDelegate.swift */; };
		9D3208B929E5A7F100BF8C35 /* ViewController.swift in Sources */ = {isa = PBXBuildFile; fileRef = 9D3208B829E5A7F100BF8C35 /* ViewController.swift */; };
		9D3208BC29E5A7F100BF8C35 /* Main.storyboard in Resources */ = {isa = PBXBuildFile; fileRef = 9D3208BA29E5A7F100BF8C35 /* Main.storyboard */; };
		9D3208BE29E5A7F200BF8C35 /* Assets.xcassets in Resources */ = {isa = PBXBuildFile; fileRef = 9D3208BD29E5A7F200BF8C35 /* Assets.xcassets */; };
		9D3208C129E5A7F200BF8C35 /* LaunchScreen.storyboard in Resources */ = {isa = PBXBuildFile; fileRef = 9D3208BF29E5A7F200BF8C35 /* LaunchScreen.storyboard */; };
		9D3208CC29E5A7F300BF8C35 /* BingeStreamTests.swift in Sources */ = {isa = PBXBuildFile; fileRef = 9D3208CB29E5A7F300BF8C35 /* BingeStreamTests.swift */; };
		9D3208D629E5A7F300BF8C35 /* BingeStreamUITests.swift in Sources */ = {isa = PBXBuildFile; fileRef = 9D3208D529E5A7F300BF8C35 /* BingeStreamUITests.swift */; };
		9D3208D829E5A7F300BF8C35 /* BingeStreamUITestsLaunchTests.swift in Sources */ = {isa = PBXBuildFile; fileRef = 9D3208D729E5A7F300BF8C35 /* BingeStreamUITestsLaunchTests.swift */; };
/* End PBXBuildFile section */

/* Begin PBXContainerItemProxy section */
		9D3208C829E5A7F300BF8C35 /* PBXContainerItemProxy */ = {
			isa = PBXContainerItemProxy;
			containerPortal = 9D3208A929E5A7F100BF8C35 /* Project object */;
			proxyType = 1;
			remoteGlobalIDString = 9D3208B029E5A7F100BF8C35;
			remoteInfo = BingeStream;
		};
		9D3208D229E5A7F300BF8C35 /* PBXContainerItemProxy */ = {
			isa = PBXContainerItemProxy;
			containerPortal = 9D3208A929E5A7F100BF8C35 /* Project object */;
			proxyType = 1;
			remoteGlobalIDString = 9D3208B029E5A7F100BF8C35;
			remoteInfo = BingeStream;
		};
/* End PBXContainerItemProxy section */

/* Begin PBXFileReference section */
		9D13CA6A29E5B0C7007D771B /* Network.swift */ = {isa = PBXFileReference; lastKnownFileType = sourcecode.swift; path = Network.swift; sourceTree = "<group>"; };
		9D13CA6C29E5B111007D771B /* APIEndpoint.swift */ = {isa = PBXFileReference; lastKnownFileType = sourcecode.swift; path = APIEndpoint.swift; sourceTree = "<group>"; };
		9D13CA6E29E5B1A4007D771B /* URLRequestConvertible.swift */ = {isa = PBXFileReference; lastKnownFileType = sourcecode.swift; path = URLRequestConvertible.swift; sourceTree = "<group>"; };
		9D13CA7029E5B1E2007D771B /* NetworkDispatcher.swift */ = {isa = PBXFileReference; lastKnownFileType = sourcecode.swift; path = NetworkDispatcher.swift; sourceTree = "<group>"; };
		9D13CA7229E5B219007D771B /* APIEndpoint+URLRequestConvertible.swift */ = {isa = PBXFileReference; lastKnownFileType = sourcecode.swift; path = "APIEndpoint+URLRequestConvertible.swift"; sourceTree = "<group>"; };
		9D13CA7429E5B235007D771B /* URLSessionNetworkDispatcher.swift */ = {isa = PBXFileReference; lastKnownFileType = sourcecode.swift; path = URLSessionNetworkDispatcher.swift; sourceTree = "<group>"; };
		9D13CA7629E5B253007D771B /* NetworkClient.swift */ = {isa = PBXFileReference; lastKnownFileType = sourcecode.swift; path = NetworkClient.swift; sourceTree = "<group>"; };
		9D13CA7929E5D5A8007D771B /* NetworkError.swift */ = {isa = PBXFileReference; lastKnownFileType = sourcecode.swift; path = NetworkError.swift; sourceTree = "<group>"; };
		9D3208B129E5A7F100BF8C35 /* BingeStream.app */ = {isa = PBXFileReference; explicitFileType = wrapper.application; includeInIndex = 0; path = BingeStream.app; sourceTree = BUILT_PRODUCTS_DIR; };
		9D3208B429E5A7F100BF8C35 /* AppDelegate.swift */ = {isa = PBXFileReference; lastKnownFileType = sourcecode.swift; path = AppDelegate.swift; sourceTree = "<group>"; };
		9D3208B629E5A7F100BF8C35 /* SceneDelegate.swift */ = {isa = PBXFileReference; lastKnownFileType = sourcecode.swift; path = SceneDelegate.swift; sourceTree = "<group>"; };
		9D3208B829E5A7F100BF8C35 /* ViewController.swift */ = {isa = PBXFileReference; lastKnownFileType = sourcecode.swift; path = ViewController.swift; sourceTree = "<group>"; };
		9D3208BB29E5A7F100BF8C35 /* Base */ = {isa = PBXFileReference; lastKnownFileType = file.storyboard; name = Base; path = Base.lproj/Main.storyboard; sourceTree = "<group>"; };
		9D3208BD29E5A7F200BF8C35 /* Assets.xcassets */ = {isa = PBXFileReference; lastKnownFileType = folder.assetcatalog; path = Assets.xcassets; sourceTree = "<group>"; };
		9D3208C029E5A7F200BF8C35 /* Base */ = {isa = PBXFileReference; lastKnownFileType = file.storyboard; name = Base; path = Base.lproj/LaunchScreen.storyboard; sourceTree = "<group>"; };
		9D3208C229E5A7F200BF8C35 /* Info.plist */ = {isa = PBXFileReference; lastKnownFileType = text.plist.xml; path = Info.plist; sourceTree = "<group>"; };
		9D3208C729E5A7F300BF8C35 /* BingeStreamTests.xctest */ = {isa = PBXFileReference; explicitFileType = wrapper.cfbundle; includeInIndex = 0; path = BingeStreamTests.xctest; sourceTree = BUILT_PRODUCTS_DIR; };
		9D3208CB29E5A7F300BF8C35 /* BingeStreamTests.swift */ = {isa = PBXFileReference; lastKnownFileType = sourcecode.swift; path = BingeStreamTests.swift; sourceTree = "<group>"; };
		9D3208D129E5A7F300BF8C35 /* BingeStreamUITests.xctest */ = {isa = PBXFileReference; explicitFileType = wrapper.cfbundle; includeInIndex = 0; path = BingeStreamUITests.xctest; sourceTree = BUILT_PRODUCTS_DIR; };
		9D3208D529E5A7F300BF8C35 /* BingeStreamUITests.swift */ = {isa = PBXFileReference; lastKnownFileType = sourcecode.swift; path = BingeStreamUITests.swift; sourceTree = "<group>"; };
		9D3208D729E5A7F300BF8C35 /* BingeStreamUITestsLaunchTests.swift */ = {isa = PBXFileReference; lastKnownFileType = sourcecode.swift; path = BingeStreamUITestsLaunchTests.swift; sourceTree = "<group>"; };
/* End PBXFileReference section */

/* Begin PBXFrameworksBuildPhase section */
		9D3208AE29E5A7F100BF8C35 /* Frameworks */ = {
			isa = PBXFrameworksBuildPhase;
			buildActionMask = 2147483647;
			files = (
			);
			runOnlyForDeploymentPostprocessing = 0;
		};
		9D3208C429E5A7F300BF8C35 /* Frameworks */ = {
			isa = PBXFrameworksBuildPhase;
			buildActionMask = 2147483647;
			files = (
			);
			runOnlyForDeploymentPostprocessing = 0;
		};
		9D3208CE29E5A7F300BF8C35 /* Frameworks */ = {
			isa = PBXFrameworksBuildPhase;
			buildActionMask = 2147483647;
			files = (
			);
			runOnlyForDeploymentPostprocessing = 0;
		};
/* End PBXFrameworksBuildPhase section */

/* Begin PBXGroup section */
		9D13CA6929E5B0BE007D771B /* Network */ = {
			isa = PBXGroup;
			children = (
				9D13CA6A29E5B0C7007D771B /* Network.swift */,
				9D13CA6E29E5B1A4007D771B /* URLRequestConvertible.swift */,
				9D13CA7029E5B1E2007D771B /* NetworkDispatcher.swift */,
				9D13CA6C29E5B111007D771B /* APIEndpoint.swift */,
				9D13CA7229E5B219007D771B /* APIEndpoint+URLRequestConvertible.swift */,
				9D13CA7429E5B235007D771B /* URLSessionNetworkDispatcher.swift */,
				9D13CA7629E5B253007D771B /* NetworkClient.swift */,
			);
			path = Network;
			sourceTree = "<group>";
		};
		9D13CA7829E5D59D007D771B /* models */ = {
			isa = PBXGroup;
			children = (
				9D13CA7929E5D5A8007D771B /* NetworkError.swift */,
			);
			path = models;
			sourceTree = "<group>";
		};
		9D3208A829E5A7F100BF8C35 = {
			isa = PBXGroup;
			children = (
				9D3208B329E5A7F100BF8C35 /* BingeStream */,
				9D3208CA29E5A7F300BF8C35 /* BingeStreamTests */,
				9D3208D429E5A7F300BF8C35 /* BingeStreamUITests */,
				9D3208B229E5A7F100BF8C35 /* Products */,
			);
			sourceTree = "<group>";
		};
		9D3208B229E5A7F100BF8C35 /* Products */ = {
			isa = PBXGroup;
			children = (
				9D3208B129E5A7F100BF8C35 /* BingeStream.app */,
				9D3208C729E5A7F300BF8C35 /* BingeStreamTests.xctest */,
				9D3208D129E5A7F300BF8C35 /* BingeStreamUITests.xctest */,
			);
			name = Products;
			sourceTree = "<group>";
		};
		9D3208B329E5A7F100BF8C35 /* BingeStream */ = {
			isa = PBXGroup;
			children = (
				9D13CA7829E5D59D007D771B /* models */,
				9D13CA6929E5B0BE007D771B /* Network */,
				9D3208B429E5A7F100BF8C35 /* AppDelegate.swift */,
				9D3208B629E5A7F100BF8C35 /* SceneDelegate.swift */,
				9D3208B829E5A7F100BF8C35 /* ViewController.swift */,
				9D3208BA29E5A7F100BF8C35 /* Main.storyboard */,
				9D3208BD29E5A7F200BF8C35 /* Assets.xcassets */,
				9D3208BF29E5A7F200BF8C35 /* LaunchScreen.storyboard */,
				9D3208C229E5A7F200BF8C35 /* Info.plist */,
			);
			path = BingeStream;
			sourceTree = "<group>";
		};
		9D3208CA29E5A7F300BF8C35 /* BingeStreamTests */ = {
			isa = PBXGroup;
			children = (
				9D3208CB29E5A7F300BF8C35 /* BingeStreamTests.swift */,
			);
			path = BingeStreamTests;
			sourceTree = "<group>";
		};
		9D3208D429E5A7F300BF8C35 /* BingeStreamUITests */ = {
			isa = PBXGroup;
			children = (
				9D3208D529E5A7F300BF8C35 /* BingeStreamUITests.swift */,
				9D3208D729E5A7F300BF8C35 /* BingeStreamUITestsLaunchTests.swift */,
			);
			path = BingeStreamUITests;
			sourceTree = "<group>";
		};
/* End PBXGroup section */

/* Begin PBXNativeTarget section */
		9D3208B029E5A7F100BF8C35 /* BingeStream */ = {
			isa = PBXNativeTarget;
			buildConfigurationList = 9D3208DB29E5A7F300BF8C35 /* Build configuration list for PBXNativeTarget "BingeStream" */;
			buildPhases = (
				9D3208AD29E5A7F100BF8C35 /* Sources */,
				9D3208AE29E5A7F100BF8C35 /* Frameworks */,
				9D3208AF29E5A7F100BF8C35 /* Resources */,
			);
			buildRules = (
			);
			dependencies = (
			);
			name = BingeStream;
			productName = BingeStream;
			productReference = 9D3208B129E5A7F100BF8C35 /* BingeStream.app */;
			productType = "com.apple.product-type.application";
		};
		9D3208C629E5A7F300BF8C35 /* BingeStreamTests */ = {
			isa = PBXNativeTarget;
			buildConfigurationList = 9D3208DE29E5A7F300BF8C35 /* Build configuration list for PBXNativeTarget "BingeStreamTests" */;
			buildPhases = (
				9D3208C329E5A7F300BF8C35 /* Sources */,
				9D3208C429E5A7F300BF8C35 /* Frameworks */,
				9D3208C529E5A7F300BF8C35 /* Resources */,
			);
			buildRules = (
			);
			dependencies = (
				9D3208C929E5A7F300BF8C35 /* PBXTargetDependency */,
			);
			name = BingeStreamTests;
			productName = BingeStreamTests;
			productReference = 9D3208C729E5A7F300BF8C35 /* BingeStreamTests.xctest */;
			productType = "com.apple.product-type.bundle.unit-test";
		};
		9D3208D029E5A7F300BF8C35 /* BingeStreamUITests */ = {
			isa = PBXNativeTarget;
			buildConfigurationList = 9D3208E129E5A7F300BF8C35 /* Build configuration list for PBXNativeTarget "BingeStreamUITests" */;
			buildPhases = (
				9D3208CD29E5A7F300BF8C35 /* Sources */,
				9D3208CE29E5A7F300BF8C35 /* Frameworks */,
				9D3208CF29E5A7F300BF8C35 /* Resources */,
			);
			buildRules = (
			);
			dependencies = (
				9D3208D329E5A7F300BF8C35 /* PBXTargetDependency */,
			);
			name = BingeStreamUITests;
			productName = BingeStreamUITests;
			productReference = 9D3208D129E5A7F300BF8C35 /* BingeStreamUITests.xctest */;
			productType = "com.apple.product-type.bundle.ui-testing";
		};
/* End PBXNativeTarget section */

/* Begin PBXProject section */
		9D3208A929E5A7F100BF8C35 /* Project object */ = {
			isa = PBXProject;
			attributes = {
				BuildIndependentTargetsInParallel = 1;
				LastSwiftUpdateCheck = 1420;
				LastUpgradeCheck = 1420;
				TargetAttributes = {
					9D3208B029E5A7F100BF8C35 = {
						CreatedOnToolsVersion = 14.2;
					};
					9D3208C629E5A7F300BF8C35 = {
						CreatedOnToolsVersion = 14.2;
						TestTargetID = 9D3208B029E5A7F100BF8C35;
					};
					9D3208D029E5A7F300BF8C35 = {
						CreatedOnToolsVersion = 14.2;
						TestTargetID = 9D3208B029E5A7F100BF8C35;
					};
				};
			};
			buildConfigurationList = 9D3208AC29E5A7F100BF8C35 /* Build configuration list for PBXProject "BingeStream" */;
			compatibilityVersion = "Xcode 14.0";
			developmentRegion = en;
			hasScannedForEncodings = 0;
			knownRegions = (
				en,
				Base,
			);
			mainGroup = 9D3208A829E5A7F100BF8C35;
			productRefGroup = 9D3208B229E5A7F100BF8C35 /* Products */;
			projectDirPath = "";
			projectRoot = "";
			targets = (
				9D3208B029E5A7F100BF8C35 /* BingeStream */,
				9D3208C629E5A7F300BF8C35 /* BingeStreamTests */,
				9D3208D029E5A7F300BF8C35 /* BingeStreamUITests */,
			);
		};
/* End PBXProject section */

/* Begin PBXResourcesBuildPhase section */
		9D3208AF29E5A7F100BF8C35 /* Resources */ = {
			isa = PBXResourcesBuildPhase;
			buildActionMask = 2147483647;
			files = (
				9D3208C129E5A7F200BF8C35 /* LaunchScreen.storyboard in Resources */,
				9D3208BE29E5A7F200BF8C35 /* Assets.xcassets in Resources */,
				9D3208BC29E5A7F100BF8C35 /* Main.storyboard in Resources */,
			);
			runOnlyForDeploymentPostprocessing = 0;
		};
		9D3208C529E5A7F300BF8C35 /* Resources */ = {
			isa = PBXResourcesBuildPhase;
			buildActionMask = 2147483647;
			files = (
			);
			runOnlyForDeploymentPostprocessing = 0;
		};
		9D3208CF29E5A7F300BF8C35 /* Resources */ = {
			isa = PBXResourcesBuildPhase;
			buildActionMask = 2147483647;
			files = (
			);
			runOnlyForDeploymentPostprocessing = 0;
		};
/* End PBXResourcesBuildPhase section */

/* Begin PBXSourcesBuildPhase section */
		9D3208AD29E5A7F100BF8C35 /* Sources */ = {
			isa = PBXSourcesBuildPhase;
			buildActionMask = 2147483647;
			files = (
				9D3208B929E5A7F100BF8C35 /* ViewController.swift in Sources */,
				9D13CA7729E5B253007D771B /* NetworkClient.swift in Sources */,
				9D13CA7329E5B219007D771B /* APIEndpoint+URLRequestConvertible.swift in Sources */,
				9D13CA6F29E5B1A4007D771B /* URLRequestConvertible.swift in Sources */,
				9D3208B529E5A7F100BF8C35 /* AppDelegate.swift in Sources */,
				9D13CA7129E5B1E2007D771B /* NetworkDispatcher.swift in Sources */,
				9D13CA6B29E5B0C7007D771B /* Network.swift in Sources */,
				9D3208B729E5A7F100BF8C35 /* SceneDelegate.swift in Sources */,
				9D13CA7529E5B235007D771B /* URLSessionNetworkDispatcher.swift in Sources */,
				9D13CA7A29E5D5A8007D771B /* NetworkError.swift in Sources */,
				9D13CA6D29E5B111007D771B /* APIEndpoint.swift in Sources */,
			);
			runOnlyForDeploymentPostprocessing = 0;
		};
		9D3208C329E5A7F300BF8C35 /* Sources */ = {
			isa = PBXSourcesBuildPhase;
			buildActionMask = 2147483647;
			files = (
				9D3208CC29E5A7F300BF8C35 /* BingeStreamTests.swift in Sources */,
			);
			runOnlyForDeploymentPostprocessing = 0;
		};
		9D3208CD29E5A7F300BF8C35 /* Sources */ = {
			isa = PBXSourcesBuildPhase;
			buildActionMask = 2147483647;
			files = (
				9D3208D829E5A7F300BF8C35 /* BingeStreamUITestsLaunchTests.swift in Sources */,
				9D3208D629E5A7F300BF8C35 /* BingeStreamUITests.swift in Sources */,
			);
			runOnlyForDeploymentPostprocessing = 0;
		};
/* End PBXSourcesBuildPhase section */

/* Begin PBXTargetDependency section */
		9D3208C929E5A7F300BF8C35 /* PBXTargetDependency */ = {
			isa = PBXTargetDependency;
			target = 9D3208B029E5A7F100BF8C35 /* BingeStream */;
			targetProxy = 9D3208C829E5A7F300BF8C35 /* PBXContainerItemProxy */;
		};
		9D3208D329E5A7F300BF8C35 /* PBXTargetDependency */ = {
			isa = PBXTargetDependency;
			target = 9D3208B029E5A7F100BF8C35 /* BingeStream */;
			targetProxy = 9D3208D229E5A7F300BF8C35 /* PBXContainerItemProxy */;
		};
/* End PBXTargetDependency section */

/* Begin PBXVariantGroup section */
		9D3208BA29E5A7F100BF8C35 /* Main.storyboard */ = {
			isa = PBXVariantGroup;
			children = (
				9D3208BB29E5A7F100BF8C35 /* Base */,
			);
			name = Main.storyboard;
			sourceTree = "<group>";
		};
		9D3208BF29E5A7F200BF8C35 /* LaunchScreen.storyboard */ = {
			isa = PBXVariantGroup;
			children = (
				9D3208C029E5A7F200BF8C35 /* Base */,
			);
			name = LaunchScreen.storyboard;
			sourceTree = "<group>";
		};
/* End PBXVariantGroup section */

/* Begin XCBuildConfiguration section */
		9D3208D929E5A7F300BF8C35 /* Debug */ = {
			isa = XCBuildConfiguration;
			buildSettings = {
				ALWAYS_SEARCH_USER_PATHS = NO;
				CLANG_ANALYZER_NONNULL = YES;
				CLANG_ANALYZER_NUMBER_OBJECT_CONVERSION = YES_AGGRESSIVE;
				CLANG_CXX_LANGUAGE_STANDARD = "gnu++20";
				CLANG_ENABLE_MODULES = YES;
				CLANG_ENABLE_OBJC_ARC = YES;
				CLANG_ENABLE_OBJC_WEAK = YES;
				CLANG_WARN_BLOCK_CAPTURE_AUTORELEASING = YES;
				CLANG_WARN_BOOL_CONVERSION = YES;
				CLANG_WARN_COMMA = YES;
				CLANG_WARN_CONSTANT_CONVERSION = YES;
				CLANG_WARN_DEPRECATED_OBJC_IMPLEMENTATIONS = YES;
				CLANG_WARN_DIRECT_OBJC_ISA_USAGE = YES_ERROR;
				CLANG_WARN_DOCUMENTATION_COMMENTS = YES;
				CLANG_WARN_EMPTY_BODY = YES;
				CLANG_WARN_ENUM_CONVERSION = YES;
				CLANG_WARN_INFINITE_RECURSION = YES;
				CLANG_WARN_INT_CONVERSION = YES;
				CLANG_WARN_NON_LITERAL_NULL_CONVERSION = YES;
				CLANG_WARN_OBJC_IMPLICIT_RETAIN_SELF = YES;
				CLANG_WARN_OBJC_LITERAL_CONVERSION = YES;
				CLANG_WARN_OBJC_ROOT_CLASS = YES_ERROR;
				CLANG_WARN_QUOTED_INCLUDE_IN_FRAMEWORK_HEADER = YES;
				CLANG_WARN_RANGE_LOOP_ANALYSIS = YES;
				CLANG_WARN_STRICT_PROTOTYPES = YES;
				CLANG_WARN_SUSPICIOUS_MOVE = YES;
				CLANG_WARN_UNGUARDED_AVAILABILITY = YES_AGGRESSIVE;
				CLANG_WARN_UNREACHABLE_CODE = YES;
				CLANG_WARN__DUPLICATE_METHOD_MATCH = YES;
				COPY_PHASE_STRIP = NO;
				DEBUG_INFORMATION_FORMAT = dwarf;
				ENABLE_STRICT_OBJC_MSGSEND = YES;
				ENABLE_TESTABILITY = YES;
				GCC_C_LANGUAGE_STANDARD = gnu11;
				GCC_DYNAMIC_NO_PIC = NO;
				GCC_NO_COMMON_BLOCKS = YES;
				GCC_OPTIMIZATION_LEVEL = 0;
				GCC_PREPROCESSOR_DEFINITIONS = (
					"DEBUG=1",
					"$(inherited)",
				);
				GCC_WARN_64_TO_32_BIT_CONVERSION = YES;
				GCC_WARN_ABOUT_RETURN_TYPE = YES_ERROR;
				GCC_WARN_UNDECLARED_SELECTOR = YES;
				GCC_WARN_UNINITIALIZED_AUTOS = YES_AGGRESSIVE;
				GCC_WARN_UNUSED_FUNCTION = YES;
				GCC_WARN_UNUSED_VARIABLE = YES;
				IPHONEOS_DEPLOYMENT_TARGET = 16.2;
				MTL_ENABLE_DEBUG_INFO = INCLUDE_SOURCE;
				MTL_FAST_MATH = YES;
				ONLY_ACTIVE_ARCH = YES;
				SDKROOT = iphoneos;
				SWIFT_ACTIVE_COMPILATION_CONDITIONS = DEBUG;
				SWIFT_OPTIMIZATION_LEVEL = "-Onone";
			};
			name = Debug;
		};
		9D3208DA29E5A7F300BF8C35 /* Release */ = {
			isa = XCBuildConfiguration;
			buildSettings = {
				ALWAYS_SEARCH_USER_PATHS = NO;
				CLANG_ANALYZER_NONNULL = YES;
				CLANG_ANALYZER_NUMBER_OBJECT_CONVERSION = YES_AGGRESSIVE;
				CLANG_CXX_LANGUAGE_STANDARD = "gnu++20";
				CLANG_ENABLE_MODULES = YES;
				CLANG_ENABLE_OBJC_ARC = YES;
				CLANG_ENABLE_OBJC_WEAK = YES;
				CLANG_WARN_BLOCK_CAPTURE_AUTORELEASING = YES;
				CLANG_WARN_BOOL_CONVERSION = YES;
				CLANG_WARN_COMMA = YES;
				CLANG_WARN_CONSTANT_CONVERSION = YES;
				CLANG_WARN_DEPRECATED_OBJC_IMPLEMENTATIONS = YES;
				CLANG_WARN_DIRECT_OBJC_ISA_USAGE = YES_ERROR;
				CLANG_WARN_DOCUMENTATION_COMMENTS = YES;
				CLANG_WARN_EMPTY_BODY = YES;
				CLANG_WARN_ENUM_CONVERSION = YES;
				CLANG_WARN_INFINITE_RECURSION = YES;
				CLANG_WARN_INT_CONVERSION = YES;
				CLANG_WARN_NON_LITERAL_NULL_CONVERSION = YES;
				CLANG_WARN_OBJC_IMPLICIT_RETAIN_SELF = YES;
				CLANG_WARN_OBJC_LITERAL_CONVERSION = YES;
				CLANG_WARN_OBJC_ROOT_CLASS = YES_ERROR;
				CLANG_WARN_QUOTED_INCLUDE_IN_FRAMEWORK_HEADER = YES;
				CLANG_WARN_RANGE_LOOP_ANALYSIS = YES;
				CLANG_WARN_STRICT_PROTOTYPES = YES;
				CLANG_WARN_SUSPICIOUS_MOVE = YES;
				CLANG_WARN_UNGUARDED_AVAILABILITY = YES_AGGRESSIVE;
				CLANG_WARN_UNREACHABLE_CODE = YES;
				CLANG_WARN__DUPLICATE_METHOD_MATCH = YES;
				COPY_PHASE_STRIP = NO;
				DEBUG_INFORMATION_FORMAT = "dwarf-with-dsym";
				ENABLE_NS_ASSERTIONS = NO;
				ENABLE_STRICT_OBJC_MSGSEND = YES;
				GCC_C_LANGUAGE_STANDARD = gnu11;
				GCC_NO_COMMON_BLOCKS = YES;
				GCC_WARN_64_TO_32_BIT_CONVERSION = YES;
				GCC_WARN_ABOUT_RETURN_TYPE = YES_ERROR;
				GCC_WARN_UNDECLARED_SELECTOR = YES;
				GCC_WARN_UNINITIALIZED_AUTOS = YES_AGGRESSIVE;
				GCC_WARN_UNUSED_FUNCTION = YES;
				GCC_WARN_UNUSED_VARIABLE = YES;
				IPHONEOS_DEPLOYMENT_TARGET = 16.2;
				MTL_ENABLE_DEBUG_INFO = NO;
				MTL_FAST_MATH = YES;
				SDKROOT = iphoneos;
				SWIFT_COMPILATION_MODE = wholemodule;
				SWIFT_OPTIMIZATION_LEVEL = "-O";
				VALIDATE_PRODUCT = YES;
			};
			name = Release;
		};
		9D3208DC29E5A7F300BF8C35 /* Debug */ = {
			isa = XCBuildConfiguration;
			buildSettings = {
				ASSETCATALOG_COMPILER_APPICON_NAME = AppIcon;
				ASSETCATALOG_COMPILER_GLOBAL_ACCENT_COLOR_NAME = AccentColor;
				CODE_SIGN_STYLE = Automatic;
				CURRENT_PROJECT_VERSION = 1;
				DEVELOPMENT_TEAM = 5XTNAW8W5X;
				GENERATE_INFOPLIST_FILE = YES;
				INFOPLIST_FILE = BingeStream/Info.plist;
				INFOPLIST_KEY_UIApplicationSupportsIndirectInputEvents = YES;
				INFOPLIST_KEY_UILaunchStoryboardName = LaunchScreen;
				INFOPLIST_KEY_UIMainStoryboardFile = Main;
				INFOPLIST_KEY_UISupportedInterfaceOrientations_iPad = "UIInterfaceOrientationPortrait UIInterfaceOrientationPortraitUpsideDown UIInterfaceOrientationLandscapeLeft UIInterfaceOrientationLandscapeRight";
				INFOPLIST_KEY_UISupportedInterfaceOrientations_iPhone = "UIInterfaceOrientationPortrait UIInterfaceOrientationLandscapeLeft UIInterfaceOrientationLandscapeRight";
				LD_RUNPATH_SEARCH_PATHS = (
					"$(inherited)",
					"@executable_path/Frameworks",
				);
				MARKETING_VERSION = 1.0;
				PRODUCT_BUNDLE_IDENTIFIER = com.BingeStream.ios.BingeStream;
				PRODUCT_NAME = "$(TARGET_NAME)";
				SWIFT_EMIT_LOC_STRINGS = YES;
				SWIFT_VERSION = 5.0;
				TARGETED_DEVICE_FAMILY = "1,2";
			};
			name = Debug;
		};
		9D3208DD29E5A7F300BF8C35 /* Release */ = {
			isa = XCBuildConfiguration;
			buildSettings = {
				ASSETCATALOG_COMPILER_APPICON_NAME = AppIcon;
				ASSETCATALOG_COMPILER_GLOBAL_ACCENT_COLOR_NAME = AccentColor;
				CODE_SIGN_STYLE = Automatic;
				CURRENT_PROJECT_VERSION = 1;
				DEVELOPMENT_TEAM = 5XTNAW8W5X;
				GENERATE_INFOPLIST_FILE = YES;
				INFOPLIST_FILE = BingeStream/Info.plist;
				INFOPLIST_KEY_UIApplicationSupportsIndirectInputEvents = YES;
				INFOPLIST_KEY_UILaunchStoryboardName = LaunchScreen;
				INFOPLIST_KEY_UIMainStoryboardFile = Main;
				INFOPLIST_KEY_UISupportedInterfaceOrientations_iPad = "UIInterfaceOrientationPortrait UIInterfaceOrientationPortraitUpsideDown UIInterfaceOrientationLandscapeLeft UIInterfaceOrientationLandscapeRight";
				INFOPLIST_KEY_UISupportedInterfaceOrientations_iPhone = "UIInterfaceOrientationPortrait UIInterfaceOrientationLandscapeLeft UIInterfaceOrientationLandscapeRight";
				LD_RUNPATH_SEARCH_PATHS = (
					"$(inherited)",
					"@executable_path/Frameworks",
				);
				MARKETING_VERSION = 1.0;
				PRODUCT_BUNDLE_IDENTIFIER = com.BingeStream.ios.BingeStream;
				PRODUCT_NAME = "$(TARGET_NAME)";
				SWIFT_EMIT_LOC_STRINGS = YES;
				SWIFT_VERSION = 5.0;
				TARGETED_DEVICE_FAMILY = "1,2";
			};
			name = Release;
		};
		9D3208DF29E5A7F300BF8C35 /* Debug */ = {
			isa = XCBuildConfiguration;
			buildSettings = {
				ALWAYS_EMBED_SWIFT_STANDARD_LIBRARIES = YES;
				BUNDLE_LOADER = "$(TEST_HOST)";
				CODE_SIGN_STYLE = Automatic;
				CURRENT_PROJECT_VERSION = 1;
				DEVELOPMENT_TEAM = 5XTNAW8W5X;
				GENERATE_INFOPLIST_FILE = YES;
				IPHONEOS_DEPLOYMENT_TARGET = 16.2;
				MARKETING_VERSION = 1.0;
				PRODUCT_BUNDLE_IDENTIFIER = com.BingeStream.ios.BingeStreamTests;
				PRODUCT_NAME = "$(TARGET_NAME)";
				SWIFT_EMIT_LOC_STRINGS = NO;
				SWIFT_VERSION = 5.0;
				TARGETED_DEVICE_FAMILY = "1,2";
				TEST_HOST = "$(BUILT_PRODUCTS_DIR)/BingeStream.app/$(BUNDLE_EXECUTABLE_FOLDER_PATH)/BingeStream";
			};
			name = Debug;
		};
		9D3208E029E5A7F300BF8C35 /* Release */ = {
			isa = XCBuildConfiguration;
			buildSettings = {
				ALWAYS_EMBED_SWIFT_STANDARD_LIBRARIES = YES;
				BUNDLE_LOADER = "$(TEST_HOST)";
				CODE_SIGN_STYLE = Automatic;
				CURRENT_PROJECT_VERSION = 1;
				DEVELOPMENT_TEAM = 5XTNAW8W5X;
				GENERATE_INFOPLIST_FILE = YES;
				IPHONEOS_DEPLOYMENT_TARGET = 16.2;
				MARKETING_VERSION = 1.0;
				PRODUCT_BUNDLE_IDENTIFIER = com.BingeStream.ios.BingeStreamTests;
				PRODUCT_NAME = "$(TARGET_NAME)";
				SWIFT_EMIT_LOC_STRINGS = NO;
				SWIFT_VERSION = 5.0;
				TARGETED_DEVICE_FAMILY = "1,2";
				TEST_HOST = "$(BUILT_PRODUCTS_DIR)/BingeStream.app/$(BUNDLE_EXECUTABLE_FOLDER_PATH)/BingeStream";
			};
			name = Release;
		};
		9D3208E229E5A7F300BF8C35 /* Debug */ = {
			isa = XCBuildConfiguration;
			buildSettings = {
				ALWAYS_EMBED_SWIFT_STANDARD_LIBRARIES = YES;
				CODE_SIGN_STYLE = Automatic;
				CURRENT_PROJECT_VERSION = 1;
				DEVELOPMENT_TEAM = 5XTNAW8W5X;
				GENERATE_INFOPLIST_FILE = YES;
				MARKETING_VERSION = 1.0;
				PRODUCT_BUNDLE_IDENTIFIER = com.BingeStream.ios.BingeStreamUITests;
				PRODUCT_NAME = "$(TARGET_NAME)";
				SWIFT_EMIT_LOC_STRINGS = NO;
				SWIFT_VERSION = 5.0;
				TARGETED_DEVICE_FAMILY = "1,2";
				TEST_TARGET_NAME = BingeStream;
			};
			name = Debug;
		};
		9D3208E329E5A7F300BF8C35 /* Release */ = {
			isa = XCBuildConfiguration;
			buildSettings = {
				ALWAYS_EMBED_SWIFT_STANDARD_LIBRARIES = YES;
				CODE_SIGN_STYLE = Automatic;
				CURRENT_PROJECT_VERSION = 1;
				DEVELOPMENT_TEAM = 5XTNAW8W5X;
				GENERATE_INFOPLIST_FILE = YES;
				MARKETING_VERSION = 1.0;
				PRODUCT_BUNDLE_IDENTIFIER = com.BingeStream.ios.BingeStreamUITests;
				PRODUCT_NAME = "$(TARGET_NAME)";
				SWIFT_EMIT_LOC_STRINGS = NO;
				SWIFT_VERSION = 5.0;
				TARGETED_DEVICE_FAMILY = "1,2";
				TEST_TARGET_NAME = BingeStream;
			};
			name = Release;
		};
/* End XCBuildConfiguration section */

/* Begin XCConfigurationList section */
		9D3208AC29E5A7F100BF8C35 /* Build configuration list for PBXProject "BingeStream" */ = {
			isa = XCConfigurationList;
			buildConfigurations = (
				9D3208D929E5A7F300BF8C35 /* Debug */,
				9D3208DA29E5A7F300BF8C35 /* Release */,
			);
			defaultConfigurationIsVisible = 0;
			defaultConfigurationName = Release;
		};
		9D3208DB29E5A7F300BF8C35 /* Build configuration list for PBXNativeTarget "BingeStream" */ = {
			isa = XCConfigurationList;
			buildConfigurations = (
				9D3208DC29E5A7F300BF8C35 /* Debug */,
				9D3208DD29E5A7F300BF8C35 /* Release */,
			);
			defaultConfigurationIsVisible = 0;
			defaultConfigurationName = Release;
		};
		9D3208DE29E5A7F300BF8C35 /* Build configuration list for PBXNativeTarget "BingeStreamTests" */ = {
			isa = XCConfigurationList;
			buildConfigurations = (
				9D3208DF29E5A7F300BF8C35 /* Debug */,
				9D3208E029E5A7F300BF8C35 /* Release */,
			);
			defaultConfigurationIsVisible = 0;
			defaultConfigurationName = Release;
		};
		9D3208E129E5A7F300BF8C35 /* Build configuration list for PBXNativeTarget "BingeStreamUITests" */ = {
			isa = XCConfigurationList;
			buildConfigurations = (
				9D3208E229E5A7F300BF8C35 /* Debug */,
				9D3208E329E5A7F300BF8C35 /* Release */,
			);
			defaultConfigurationIsVisible = 0;
			defaultConfigurationName = Release;
		};
/* End XCConfigurationList section */
	};
	rootObject = 9D3208A929E5A7F100BF8C35 /* Project object */;
}
